# This file is automatically @generated by Cargo.
# It is not intended for manual editing.
version = 4

[[package]]
name = "dormant-core"
version = "0.0.0"

[[package]]
name = "dormant-displays"
version = "0.0.0"

[[package]]
name = "dormant-sensors"
version = "0.0.0"

[[package]]
name = "dormantctl"
version = "0.0.0"

[[package]]
name = "dormantd"
version = "0.0.0"
